
Microsoft Visual Studio Solution File, Format Version 12.00
# Visual Studio 15
VisualStudioVersion = 15.0.27428.2002
MinimumVisualStudioVersion = 10.0.40219.1
Project("{FAE04EC0-301F-11D3-BF4B-00C04F79EFBC}") = "PlattProject", "PlattProject\PlattProject.csproj", "{FFDEF44D-EE20-4F6B-9AD6-7783C486E5E2}"
EndProject
Global
	GlobalSection(SolutionConfigurationPlatforms) = preSolution
		Debug|Any CPU = Debug|Any CPU
		Release|Any CPU = Release|Any CPU
	EndGlobalSection
	GlobalSection(ProjectConfigurationPlatforms) = postSolution
		{FFDEF44D-EE20-4F6B-9AD6-7783C486E5E2}.Debug|Any CPU.ActiveCfg = Debug|Any CPU
		{FFDEF44D-EE20-4F6B-9AD6-7783C486E5E2}.Debug|Any CPU.Build.0 = Debug|Any CPU
		{FFDEF44D-EE20-4F6B-9AD6-7783C486E5E2}.Release|Any CPU.ActiveCfg = Release|Any CPU
		{FFDEF44D-EE20-4F6B-9AD6-7783C486E5E2}.Release|Any CPU.Build.0 = Release|Any CPU
	EndGlobalSection
	GlobalSection(SolutionProperties) = preSolution
		HideSolutionNode = FALSE
	EndGlobalSection
	GlobalSection(ExtensibilityGlobals) = postSolution
		SolutionGuid = {DD8DFD0E-49F5-4337-AC13-DCB6227E312C}
	EndGlobalSection
EndGlobal
